# This file is autogenerated, do not edit; changes may be undone by the next 'dep ensure'.


[[projects]]
  digest = "1:f23b9dc58431cfe00312c227a7a6791bd9b98c68b2042a4c5a152899f6d75a8b"
  name = "github.com/bitvavo/go-bitvavo-api"
  packages = ["."]
  pruneopts = "UT"
  revision = "ae93736d9912c9abc134b79b7784e9a6254b76b2"
  version = "v1.2.0"

[[projects]]
  digest = "1:6d29f02f0f01c627c2be40fb7347669a9ff2aa215cb97747294c1d13ffa74bdd"
  name = "github.com/gorilla/websocket"
  packages = ["."]
  pruneopts = "UT"
  revision = "b65e62901fc1c0d968042419e74789f6af455eb9"
  version = "v1.4.2"

[[projects]]
  digest = "1:5054a1f394226de9e6ddc47b0ba77e35092a4112f4a1cd9cb94aba1f5bdc3ec6"
  name = "gopkg.in/yaml.v2"
  packages = ["."]
  pruneopts = "UT"
  revision = "7649d4548cb53a614db133b2a8ac1f31859dda8c"
  version = "v2.4.0"

[solve-meta]
  analyzer-name = "dep"
  analyzer-version = 1
  input-imports = [
    "github.com/bitvavo/go-bitvavo-api",
    "gopkg.in/yaml.v2",
  ]
  solver-name = "gps-cdcl"
  solver-version = 1
